
Microsoft Visual Studio Solution File, Format Version 12.00
# Visual Studio 14
VisualStudioVersion = 14.0.25420.1
MinimumVisualStudioVersion = 10.0.40219.1
Project("{8BC9CEB8-8B4A-11D0-8D11-00A0C91BC942}") = "pedestrian-counting", "pedestrian-counting\pedestrian-counting.vcxproj", "{7E6C3967-F8F3-4EA3-BBFE-BCBC8B90D913}"
	ProjectSection(ProjectDependencies) = postProject
		{1D8A4E26-C946-48E4-B83F-51EE11B51DEA} = {1D8A4E26-C946-48E4-B83F-51EE11B51DEA}
	EndProjectSection
EndProject
Project("{8BC9CEB8-8B4A-11D0-8D11-00A0C91BC942}") = "cnnlayer2svm", "cnnlayer2svm\cnnlayer2svm.vcxproj", "{C8A67105-90CE-4DD0-8A67-FF125233A9D7}"
	ProjectSection(ProjectDependencies) = postProject
		{1D8A4E26-C946-48E4-B83F-51EE11B51DEA} = {1D8A4E26-C946-48E4-B83F-51EE11B51DEA}
	EndProjectSection
EndProject
Project("{8BC9CEB8-8B4A-11D0-8D11-00A0C91BC942}") = "common", "common\common.vcxproj", "{1D8A4E26-C946-48E4-B83F-51EE11B51DEA}"
EndProject
Project("{8BC9CEB8-8B4A-11D0-8D11-00A0C91BC942}") = "cnnlayer2svmtest", "cnnlayer2svmtest\cnnlayer2svmtest.vcxproj", "{B90BFBA1-90CF-4A39-AC8E-F30BEB87489C}"
	ProjectSection(ProjectDependencies) = postProject
		{1D8A4E26-C946-48E4-B83F-51EE11B51DEA} = {1D8A4E26-C946-48E4-B83F-51EE11B51DEA}
	EndProjectSection
EndProject
Project("{8BC9CEB8-8B4A-11D0-8D11-00A0C91BC942}") = "tiny_dnn_dll_generate", "tiny_dnn_dll_generate\tiny_dnn_dll_generate.vcxproj", "{A345C0DB-B3C0-45CD-A55B-B652A469B001}"
EndProject
Project("{8BC9CEB8-8B4A-11D0-8D11-00A0C91BC942}") = "cnnlayer2txt", "cnnlayer2txt\cnnlayer2txt.vcxproj", "{8A09DC52-7369-44DC-ACD3-21469FE364C3}"
	ProjectSection(ProjectDependencies) = postProject
		{1D8A4E26-C946-48E4-B83F-51EE11B51DEA} = {1D8A4E26-C946-48E4-B83F-51EE11B51DEA}
	EndProjectSection
EndProject
Project("{888888A0-9F3D-457C-B088-3A5042F75D52}") = "cnntensorflow", "tensorflow\cnntensorflow.pyproj", "{ED209DC2-F15A-4B88-AD71-1E4F426528DF}"
EndProject
Project("{8BC9CEB8-8B4A-11D0-8D11-00A0C91BC942}") = "tiny_dnn_benchmark", "tiny_dnn_benchmark\tiny_dnn_benchmark.vcxproj", "{8F4F212F-39B4-4E7A-B85C-3CE313F7BC71}"
EndProject
Project("{8BC9CEB8-8B4A-11D0-8D11-00A0C91BC942}") = "cnntrain", "cnntrain\cnntrain.vcxproj", "{C0FBEB21-799C-4F18-A99C-D80919A7D1F1}"
	ProjectSection(ProjectDependencies) = postProject
		{1D8A4E26-C946-48E4-B83F-51EE11B51DEA} = {1D8A4E26-C946-48E4-B83F-51EE11B51DEA}
	EndProjectSection
EndProject
Project("{8BC9CEB8-8B4A-11D0-8D11-00A0C91BC942}") = "cnninference", "cnninference\cnninference.vcxproj", "{3AB1EECF-05E1-4E3D-B5FD-14F1EB58A58B}"
	ProjectSection(ProjectDependencies) = postProject
		{1D8A4E26-C946-48E4-B83F-51EE11B51DEA} = {1D8A4E26-C946-48E4-B83F-51EE11B51DEA}
	EndProjectSection
EndProject
Project("{8BC9CEB8-8B4A-11D0-8D11-00A0C91BC942}") = "image_origin_matrix_to_txt", "image_origin_matrix_to_txt\image_origin_matrix_to_txt.vcxproj", "{34EC97E8-D7EB-4BE7-B4B9-A10ACF0BF768}"
	ProjectSection(ProjectDependencies) = postProject
		{1D8A4E26-C946-48E4-B83F-51EE11B51DEA} = {1D8A4E26-C946-48E4-B83F-51EE11B51DEA}
	EndProjectSection
EndProject
Global
	GlobalSection(SolutionConfigurationPlatforms) = preSolution
		Debug|Any CPU = Debug|Any CPU
		Debug|x64 = Debug|x64
		Debug|x86 = Debug|x86
		Release|Any CPU = Release|Any CPU
		Release|x64 = Release|x64
		Release|x86 = Release|x86
	EndGlobalSection
	GlobalSection(ProjectConfigurationPlatforms) = postSolution
		{7E6C3967-F8F3-4EA3-BBFE-BCBC8B90D913}.Debug|Any CPU.ActiveCfg = Debug|Win32
		{7E6C3967-F8F3-4EA3-BBFE-BCBC8B90D913}.Debug|x64.ActiveCfg = Debug|x64
		{7E6C3967-F8F3-4EA3-BBFE-BCBC8B90D913}.Debug|x64.Build.0 = Debug|x64
		{7E6C3967-F8F3-4EA3-BBFE-BCBC8B90D913}.Debug|x86.ActiveCfg = Debug|Win32
		{7E6C3967-F8F3-4EA3-BBFE-BCBC8B90D913}.Debug|x86.Build.0 = Debug|Win32
		{7E6C3967-F8F3-4EA3-BBFE-BCBC8B90D913}.Release|Any CPU.ActiveCfg = Release|Win32
		{7E6C3967-F8F3-4EA3-BBFE-BCBC8B90D913}.Release|x64.ActiveCfg = Release|x64
		{7E6C3967-F8F3-4EA3-BBFE-BCBC8B90D913}.Release|x64.Build.0 = Release|x64
		{7E6C3967-F8F3-4EA3-BBFE-BCBC8B90D913}.Release|x86.ActiveCfg = Release|Win32
		{7E6C3967-F8F3-4EA3-BBFE-BCBC8B90D913}.Release|x86.Build.0 = Release|Win32
		{C8A67105-90CE-4DD0-8A67-FF125233A9D7}.Debug|Any CPU.ActiveCfg = Debug|Win32
		{C8A67105-90CE-4DD0-8A67-FF125233A9D7}.Debug|x64.ActiveCfg = Debug|x64
		{C8A67105-90CE-4DD0-8A67-FF125233A9D7}.Debug|x64.Build.0 = Debug|x64
		{C8A67105-90CE-4DD0-8A67-FF125233A9D7}.Debug|x86.ActiveCfg = Debug|Win32
		{C8A67105-90CE-4DD0-8A67-FF125233A9D7}.Debug|x86.Build.0 = Debug|Win32
		{C8A67105-90CE-4DD0-8A67-FF125233A9D7}.Release|Any CPU.ActiveCfg = Release|Win32
		{C8A67105-90CE-4DD0-8A67-FF125233A9D7}.Release|x64.ActiveCfg = Release|x64
		{C8A67105-90CE-4DD0-8A67-FF125233A9D7}.Release|x64.Build.0 = Release|x64
		{C8A67105-90CE-4DD0-8A67-FF125233A9D7}.Release|x86.ActiveCfg = Release|Win32
		{C8A67105-90CE-4DD0-8A67-FF125233A9D7}.Release|x86.Build.0 = Release|Win32
		{1D8A4E26-C946-48E4-B83F-51EE11B51DEA}.Debug|Any CPU.ActiveCfg = Debug|Win32
		{1D8A4E26-C946-48E4-B83F-51EE11B51DEA}.Debug|x64.ActiveCfg = Debug|x64
		{1D8A4E26-C946-48E4-B83F-51EE11B51DEA}.Debug|x64.Build.0 = Debug|x64
		{1D8A4E26-C946-48E4-B83F-51EE11B51DEA}.Debug|x86.ActiveCfg = Debug|Win32
		{1D8A4E26-C946-48E4-B83F-51EE11B51DEA}.Debug|x86.Build.0 = Debug|Win32
		{1D8A4E26-C946-48E4-B83F-51EE11B51DEA}.Release|Any CPU.ActiveCfg = Release|Win32
		{1D8A4E26-C946-48E4-B83F-51EE11B51DEA}.Release|x64.ActiveCfg = Release|x64
		{1D8A4E26-C946-48E4-B83F-51EE11B51DEA}.Release|x64.Build.0 = Release|x64
		{1D8A4E26-C946-48E4-B83F-51EE11B51DEA}.Release|x86.ActiveCfg = Release|Win32
		{1D8A4E26-C946-48E4-B83F-51EE11B51DEA}.Release|x86.Build.0 = Release|Win32
		{B90BFBA1-90CF-4A39-AC8E-F30BEB87489C}.Debug|Any CPU.ActiveCfg = Debug|Win32
		{B90BFBA1-90CF-4A39-AC8E-F30BEB87489C}.Debug|x64.ActiveCfg = Debug|x64
		{B90BFBA1-90CF-4A39-AC8E-F30BEB87489C}.Debug|x64.Build.0 = Debug|x64
		{B90BFBA1-90CF-4A39-AC8E-F30BEB87489C}.Debug|x86.ActiveCfg = Debug|Win32
		{B90BFBA1-90CF-4A39-AC8E-F30BEB87489C}.Debug|x86.Build.0 = Debug|Win32
		{B90BFBA1-90CF-4A39-AC8E-F30BEB87489C}.Release|Any CPU.ActiveCfg = Release|Win32
		{B90BFBA1-90CF-4A39-AC8E-F30BEB87489C}.Release|x64.ActiveCfg = Release|x64
		{B90BFBA1-90CF-4A39-AC8E-F30BEB87489C}.Release|x64.Build.0 = Release|x64
		{B90BFBA1-90CF-4A39-AC8E-F30BEB87489C}.Release|x86.ActiveCfg = Release|Win32
		{B90BFBA1-90CF-4A39-AC8E-F30BEB87489C}.Release|x86.Build.0 = Release|Win32
		{A345C0DB-B3C0-45CD-A55B-B652A469B001}.Debug|Any CPU.ActiveCfg = Debug|Win32
		{A345C0DB-B3C0-45CD-A55B-B652A469B001}.Debug|x64.ActiveCfg = Debug|x64
		{A345C0DB-B3C0-45CD-A55B-B652A469B001}.Debug|x64.Build.0 = Debug|x64
		{A345C0DB-B3C0-45CD-A55B-B652A469B001}.Debug|x86.ActiveCfg = Debug|Win32
		{A345C0DB-B3C0-45CD-A55B-B652A469B001}.Debug|x86.Build.0 = Debug|Win32
		{A345C0DB-B3C0-45CD-A55B-B652A469B001}.Release|Any CPU.ActiveCfg = Release|Win32
		{A345C0DB-B3C0-45CD-A55B-B652A469B001}.Release|x64.ActiveCfg = Release|x64
		{A345C0DB-B3C0-45CD-A55B-B652A469B001}.Release|x64.Build.0 = Release|x64
		{A345C0DB-B3C0-45CD-A55B-B652A469B001}.Release|x86.ActiveCfg = Release|Win32
		{A345C0DB-B3C0-45CD-A55B-B652A469B001}.Release|x86.Build.0 = Release|Win32
		{8A09DC52-7369-44DC-ACD3-21469FE364C3}.Debug|Any CPU.ActiveCfg = Debug|Win32
		{8A09DC52-7369-44DC-ACD3-21469FE364C3}.Debug|x64.ActiveCfg = Debug|x64
		{8A09DC52-7369-44DC-ACD3-21469FE364C3}.Debug|x64.Build.0 = Debug|x64
		{8A09DC52-7369-44DC-ACD3-21469FE364C3}.Debug|x86.ActiveCfg = Debug|Win32
		{8A09DC52-7369-44DC-ACD3-21469FE364C3}.Debug|x86.Build.0 = Debug|Win32
		{8A09DC52-7369-44DC-ACD3-21469FE364C3}.Release|Any CPU.ActiveCfg = Release|Win32
		{8A09DC52-7369-44DC-ACD3-21469FE364C3}.Release|x64.ActiveCfg = Release|x64
		{8A09DC52-7369-44DC-ACD3-21469FE364C3}.Release|x64.Build.0 = Release|x64
		{8A09DC52-7369-44DC-ACD3-21469FE364C3}.Release|x86.ActiveCfg = Release|Win32
		{8A09DC52-7369-44DC-ACD3-21469FE364C3}.Release|x86.Build.0 = Release|Win32
		{ED209DC2-F15A-4B88-AD71-1E4F426528DF}.Debug|Any CPU.ActiveCfg = Debug|Any CPU
		{ED209DC2-F15A-4B88-AD71-1E4F426528DF}.Debug|x64.ActiveCfg = Debug|Any CPU
		{ED209DC2-F15A-4B88-AD71-1E4F426528DF}.Debug|x86.ActiveCfg = Debug|Any CPU
		{ED209DC2-F15A-4B88-AD71-1E4F426528DF}.Release|Any CPU.ActiveCfg = Release|Any CPU
		{ED209DC2-F15A-4B88-AD71-1E4F426528DF}.Release|x64.ActiveCfg = Release|Any CPU
		{ED209DC2-F15A-4B88-AD71-1E4F426528DF}.Release|x86.ActiveCfg = Release|Any CPU
		{8F4F212F-39B4-4E7A-B85C-3CE313F7BC71}.Debug|Any CPU.ActiveCfg = Debug|Win32
		{8F4F212F-39B4-4E7A-B85C-3CE313F7BC71}.Debug|x64.ActiveCfg = Debug|x64
		{8F4F212F-39B4-4E7A-B85C-3CE313F7BC71}.Debug|x64.Build.0 = Debug|x64
		{8F4F212F-39B4-4E7A-B85C-3CE313F7BC71}.Debug|x86.ActiveCfg = Debug|Win32
		{8F4F212F-39B4-4E7A-B85C-3CE313F7BC71}.Debug|x86.Build.0 = Debug|Win32
		{8F4F212F-39B4-4E7A-B85C-3CE313F7BC71}.Release|Any CPU.ActiveCfg = Release|Win32
		{8F4F212F-39B4-4E7A-B85C-3CE313F7BC71}.Release|x64.ActiveCfg = Release|x64
		{8F4F212F-39B4-4E7A-B85C-3CE313F7BC71}.Release|x64.Build.0 = Release|x64
		{8F4F212F-39B4-4E7A-B85C-3CE313F7BC71}.Release|x86.ActiveCfg = Release|Win32
		{8F4F212F-39B4-4E7A-B85C-3CE313F7BC71}.Release|x86.Build.0 = Release|Win32
		{C0FBEB21-799C-4F18-A99C-D80919A7D1F1}.Debug|Any CPU.ActiveCfg = Debug|Win32
		{C0FBEB21-799C-4F18-A99C-D80919A7D1F1}.Debug|x64.ActiveCfg = Debug|x64
		{C0FBEB21-799C-4F18-A99C-D80919A7D1F1}.Debug|x64.Build.0 = Debug|x64
		{C0FBEB21-799C-4F18-A99C-D80919A7D1F1}.Debug|x86.ActiveCfg = Debug|Win32
		{C0FBEB21-799C-4F18-A99C-D80919A7D1F1}.Debug|x86.Build.0 = Debug|Win32
		{C0FBEB21-799C-4F18-A99C-D80919A7D1F1}.Release|Any CPU.ActiveCfg = Release|Win32
		{C0FBEB21-799C-4F18-A99C-D80919A7D1F1}.Release|x64.ActiveCfg = Release|x64
		{C0FBEB21-799C-4F18-A99C-D80919A7D1F1}.Release|x64.Build.0 = Release|x64
		{C0FBEB21-799C-4F18-A99C-D80919A7D1F1}.Release|x86.ActiveCfg = Release|Win32
		{C0FBEB21-799C-4F18-A99C-D80919A7D1F1}.Release|x86.Build.0 = Release|Win32
		{3AB1EECF-05E1-4E3D-B5FD-14F1EB58A58B}.Debug|Any CPU.ActiveCfg = Debug|Win32
		{3AB1EECF-05E1-4E3D-B5FD-14F1EB58A58B}.Debug|x64.ActiveCfg = Debug|x64
		{3AB1EECF-05E1-4E3D-B5FD-14F1EB58A58B}.Debug|x64.Build.0 = Debug|x64
		{3AB1EECF-05E1-4E3D-B5FD-14F1EB58A58B}.Debug|x86.ActiveCfg = Debug|Win32
		{3AB1EECF-05E1-4E3D-B5FD-14F1EB58A58B}.Debug|x86.Build.0 = Debug|Win32
		{3AB1EECF-05E1-4E3D-B5FD-14F1EB58A58B}.Release|Any CPU.ActiveCfg = Release|Win32
		{3AB1EECF-05E1-4E3D-B5FD-14F1EB58A58B}.Release|x64.ActiveCfg = Release|x64
		{3AB1EECF-05E1-4E3D-B5FD-14F1EB58A58B}.Release|x64.Build.0 = Release|x64
		{3AB1EECF-05E1-4E3D-B5FD-14F1EB58A58B}.Release|x86.ActiveCfg = Release|Win32
		{3AB1EECF-05E1-4E3D-B5FD-14F1EB58A58B}.Release|x86.Build.0 = Release|Win32
		{34EC97E8-D7EB-4BE7-B4B9-A10ACF0BF768}.Debug|Any CPU.ActiveCfg = Debug|Win32
		{34EC97E8-D7EB-4BE7-B4B9-A10ACF0BF768}.Debug|x64.ActiveCfg = Debug|x64
		{34EC97E8-D7EB-4BE7-B4B9-A10ACF0BF768}.Debug|x64.Build.0 = Debug|x64
		{34EC97E8-D7EB-4BE7-B4B9-A10ACF0BF768}.Debug|x86.ActiveCfg = Debug|Win32
		{34EC97E8-D7EB-4BE7-B4B9-A10ACF0BF768}.Debug|x86.Build.0 = Debug|Win32
		{34EC97E8-D7EB-4BE7-B4B9-A10ACF0BF768}.Release|Any CPU.ActiveCfg = Release|Win32
		{34EC97E8-D7EB-4BE7-B4B9-A10ACF0BF768}.Release|x64.ActiveCfg = Release|x64
		{34EC97E8-D7EB-4BE7-B4B9-A10ACF0BF768}.Release|x64.Build.0 = Release|x64
		{34EC97E8-D7EB-4BE7-B4B9-A10ACF0BF768}.Release|x86.ActiveCfg = Release|Win32
		{34EC97E8-D7EB-4BE7-B4B9-A10ACF0BF768}.Release|x86.Build.0 = Release|Win32
	EndGlobalSection
	GlobalSection(SolutionProperties) = preSolution
		HideSolutionNode = FALSE
	EndGlobalSection
EndGlobal
